// !$*UTF8*$!
{
	archiveVersion = 1;
	classes = {
	};
	objectVersion = 77;
	objects = {

/* Begin PBXBuildFile section */
		03A22D1626ECFD539C675363 /* DeepLink.swift in Sources */ = {isa = PBXBuildFile; fileRef = 8557FC33955580880236C06D /* DeepLink.swift */; };
		0F5BC7F5FF2D3BE382DEFCA9 /* Models.swift in Sources */ = {isa = PBXBuildFile; fileRef = CEABA7548C1667E663D4C70E /* Models.swift */; };
		0FB9025BC5B98D0AB8FF9DA4 /* ChatsViews.swift in Sources */ = {isa = PBXBuildFile; fileRef = 3984F4BEE9569D66E54FB453 /* ChatsViews.swift */; };
		1395F25E40795DF8EAFACC33 /* L10n.swift in Sources */ = {isa = PBXBuildFile; fileRef = 22A6408E25FEDBF97D17364D /* L10n.swift */; };
		14A77CAC57CD8DBB415ADB70 /* SafetyViews.swift in Sources */ = {isa = PBXBuildFile; fileRef = 38083679FBE06019FE270EA7 /* SafetyViews.swift */; };
		156D13620D4172B7A660319F /* MoreViews.swift in Sources */ = {isa = PBXBuildFile; fileRef = 73CF6675D407AE69D506868E /* MoreViews.swift */; };
		16CDD74C6B7E738BE578E52D /* ShareUITests.swift in Sources */ = {isa = PBXBuildFile; fileRef = 0952105F81FFF3E626279A80 /* ShareUITests.swift */; };
		1F41DF7AD84A179000EC01A5 /* RootView.swift in Sources */ = {isa = PBXBuildFile; fileRef = 40384C3AF1B15FBE71FBFA01 /* RootView.swift */; };
		20D1A10E2B92D7322DBF5B14 /* SSO.swift in Sources */ = {isa = PBXBuildFile; fileRef = 7B359F9C564097CEE34D2A05 /* SSO.swift */; };
		244A2B97C05B69418D6C313B /* AgendaViews.swift in Sources */ = {isa = PBXBuildFile; fileRef = 00A0096904EBC6C5EB1BA1A1 /* AgendaViews.swift */; };
		252B7B0B0F9F47FF693A5FD0 /* Attachments.swift in Sources */ = {isa = PBXBuildFile; fileRef = E4E9802F016F0B0A5FD993D1 /* Attachments.swift */; };
		2ACFB2451080E499FAA6C162 /* ChatsProfileTests.swift in Sources */ = {isa = PBXBuildFile; fileRef = 701807F5A1694A914A001927 /* ChatsProfileTests.swift */; };
		2C052710A26ACBF9CA2D6F62 /* HierarchyViews.swift in Sources */ = {isa = PBXBuildFile; fileRef = 8660E1C19B2B2260C1BB5CC2 /* HierarchyViews.swift */; };
		2D6C298E45855A3A5510F347 /* IntegrationV4Tests.swift in Sources */ = {isa = PBXBuildFile; fileRef = D9761D73C8074AD793EEE221 /* IntegrationV4Tests.swift */; };
		2F9BEEE1A93572D3DC4F9C45 /* SocketIOProtocol.swift in Sources */ = {isa = PBXBuildFile; fileRef = CF6A5A1072D180B50ABD7291 /* SocketIOProtocol.swift */; };
		304A7ED6BCE177CE9A54BD8D /* SocketIOProtocolTests.swift in Sources */ = {isa = PBXBuildFile; fileRef = 58CF969C93A44DD76EE4EE0B /* SocketIOProtocolTests.swift */; };
		31DD07B095571C91D0FB232C /* StoreSyncTests.swift in Sources */ = {isa = PBXBuildFile; fileRef = EB118B40A5F8B04415623994 /* StoreSyncTests.swift */; };
		3398EFD5E838BD6D49484EC1 /* Storage.swift in Sources */ = {isa = PBXBuildFile; fileRef = B3068A6F5B7DE8788B944476 /* Storage.swift */; };
		364D144461099A53D0778965 /* IntegrationV3Tests.swift in Sources */ = {isa = PBXBuildFile; fileRef = 79F11C1668BB980DEBC703A6 /* IntegrationV3Tests.swift */; };
		38FEE993B071D9258A6BDD5C /* PersonColor.swift in Sources */ = {isa = PBXBuildFile; fileRef = D5FDE484919C99579D339A66 /* PersonColor.swift */; };
		395C42AB3815C8D709205EEB /* Donations.swift in Sources */ = {isa = PBXBuildFile; fileRef = 9F816EA3E07F011F2A8F49A6 /* Donations.swift */; };
		3F8172550A64ECA0C549BB92 /* SharedText.swift in Sources */ = {isa = PBXBuildFile; fileRef = AD8AAAA7104EA6BD0C5C7B6D /* SharedText.swift */; };
		3FFDC3BF8E2B6DF516EAEADF /* Menus.swift in Sources */ = {isa = PBXBuildFile; fileRef = EBB336317C73EE48E2442822 /* Menus.swift */; };
		40E1ED0AC0107DD7EF91B4D8 /* FeedbackUITests.swift in Sources */ = {isa = PBXBuildFile; fileRef = A16D843AE33D30C155EB369E /* FeedbackUITests.swift */; };
		4235D2A78399FB04776AC024 /* Localizable.strings in Resources */ = {isa = PBXBuildFile; fileRef = 94F3BA09658690F94F865EB1 /* Localizable.strings */; };
		4570A01F25E3C5B753F0763A /* SocketIOClient.swift in Sources */ = {isa = PBXBuildFile; fileRef = 310CB4DC9C904F41CD395304 /* SocketIOClient.swift */; };
		46B2FEB8B2EDC92A44C57169 /* ShareItems.swift in Sources */ = {isa = PBXBuildFile; fileRef = DFB29A1A5F72FAF013E3473A /* ShareItems.swift */; };
		46B7BBCD1ABD2B119DBC9044 /* Naming.swift in Sources */ = {isa = PBXBuildFile; fileRef = 38C26BEA687D356B4765DDC8 /* Naming.swift */; };
		4861AC62C42CF71D8AEF1453 /* TieComsApp.swift in Sources */ = {isa = PBXBuildFile; fileRef = 5CDA44DC6302797DC800B44D /* TieComsApp.swift */; };
		4E2E49A1EBCDEC5A426728AA /* APIClient.swift in Sources */ = {isa = PBXBuildFile; fileRef = C0EE4F0835A244D173D5CE5E /* APIClient.swift */; };
		4FEFD3F104B5B20D25F7EBDB /* Models.swift in Sources */ = {isa = PBXBuildFile; fileRef = CEABA7548C1667E663D4C70E /* Models.swift */; };
		51C448F1465ABD2CC5559D7C /* Naming.swift in Sources */ = {isa = PBXBuildFile; fileRef = 38C26BEA687D356B4765DDC8 /* Naming.swift */; };
		52C15EAD225474BC7E6CFFAD /* Storage.swift in Sources */ = {isa = PBXBuildFile; fileRef = B3068A6F5B7DE8788B944476 /* Storage.swift */; };
		53BB942CEB7656F911EC27F1 /* IntegrationV3FeedbackTests.swift in Sources */ = {isa = PBXBuildFile; fileRef = AA7972D69011152D6EB29295 /* IntegrationV3FeedbackTests.swift */; };
		557557E2D14658FCBBB20E0E /* APIClient.swift in Sources */ = {isa = PBXBuildFile; fileRef = C0EE4F0835A244D173D5CE5E /* APIClient.swift */; };
		55AAE5239A69F3D0477EA89B /* NotificationService.swift in Sources */ = {isa = PBXBuildFile; fileRef = DE7C763836C53E7EA9D3D6E3 /* NotificationService.swift */; };
		59508C7C91EA2B02ACAD615B /* SSOTests.swift in Sources */ = {isa = PBXBuildFile; fileRef = 79A9581A136556B589C7E824 /* SSOTests.swift */; };
		5AED9D1DCDE2FE6CDD891FD5 /* SideViews.swift in Sources */ = {isa = PBXBuildFile; fileRef = CE17C6A486A573F49B237DA0 /* SideViews.swift */; };
		5C5A90EE8D7AFC7E28E68DF0 /* AuthViews.swift in Sources */ = {isa = PBXBuildFile; fileRef = 959E3DC72E9AF90351D4A075 /* AuthViews.swift */; };
		5C5E810AB205F55137AC159E /* AppStore.swift in Sources */ = {isa = PBXBuildFile; fileRef = 9FBBF6EF55B008956531AAC9 /* AppStore.swift */; };
		5E3407CBD9D372C2E43D5C86 /* IntegrationV2Tests.swift in Sources */ = {isa = PBXBuildFile; fileRef = 8352A75C9CCA7DA3612850D3 /* IntegrationV2Tests.swift */; };
		6768FE2C56CB7B3B9F237FEE /* tc_notify.caf in Resources */ = {isa = PBXBuildFile; fileRef = 4212E6B71E371BC46001BD89 /* tc_notify.caf */; };
		6D2D27D981A66B9EE10C8F80 /* SocketIOProtocol.swift in Sources */ = {isa = PBXBuildFile; fileRef = CF6A5A1072D180B50ABD7291 /* SocketIOProtocol.swift */; };
		72863AF6EEA9BC2AA55D6C65 /* L10n.swift in Sources */ = {isa = PBXBuildFile; fileRef = 22A6408E25FEDBF97D17364D /* L10n.swift */; };
		73791647085699BC7871E730 /* CommunicationNotification.swift in Sources */ = {isa = PBXBuildFile; fileRef = 1F1FB42FA08DF6BC0C3115C7 /* CommunicationNotification.swift */; };
		7449F903D57C1B5199447D89 /* PrivacyInfo.xcprivacy in Resources */ = {isa = PBXBuildFile; fileRef = E62F7C36416F5CCC95C04ED6 /* PrivacyInfo.xcprivacy */; };
		74517461003750B1AEA9B05F /* PushPayload.swift in Sources */ = {isa = PBXBuildFile; fileRef = A1A059E228D363070DFB05BB /* PushPayload.swift */; };
		7695CD28B533BC509D30A44E /* tc_splash.caf in Resources */ = {isa = PBXBuildFile; fileRef = 341AE9974BB278BB3D3A1F18 /* tc_splash.caf */; };
		76C5C689B36884A3C54C59B3 /* SafetyTests.swift in Sources */ = {isa = PBXBuildFile; fileRef = 6BBA4C886B6327B84516EA02 /* SafetyTests.swift */; };
		787E7E59AC77EAC8C71369E1 /* Splash.swift in Sources */ = {isa = PBXBuildFile; fileRef = 3792730DDF81227D7735C79E /* Splash.swift */; };
		7CAF1C4ADC5EEB29A1DC74FD /* V2Tests.swift in Sources */ = {isa = PBXBuildFile; fileRef = CF721E25FDD0841A9CA663EC /* V2Tests.swift */; };
		7D64F9F1796899E79F79CA25 /* AppStore+Features.swift in Sources */ = {isa = PBXBuildFile; fileRef = 6F521EF4D592789CF8E947FE /* AppStore+Features.swift */; };
		7DB3F2DFD15EE86041C65551 /* CommunicationNotification.swift in Sources */ = {isa = PBXBuildFile; fileRef = 1F1FB42FA08DF6BC0C3115C7 /* CommunicationNotification.swift */; };
		85F90D3318E794A2161A180B /* ShareItems.swift in Sources */ = {isa = PBXBuildFile; fileRef = DFB29A1A5F72FAF013E3473A /* ShareItems.swift */; };
		8A1233EC493B295510B8946F /* ChatFlowUITests.swift in Sources */ = {isa = PBXBuildFile; fileRef = 9435F794DD29ECC6D280393D /* ChatFlowUITests.swift */; };
		8AC2E905821FD283821301E8 /* Sheets.swift in Sources */ = {isa = PBXBuildFile; fileRef = A19A9902A951D7919FF42F1D /* Sheets.swift */; };
		9101C70508E75A68FE571B6E /* Voice.swift in Sources */ = {isa = PBXBuildFile; fileRef = B2EF5FA7383307CC6AF4E8F7 /* Voice.swift */; };
		91C244FFC2747DB60736CE3C /* Theme.swift in Sources */ = {isa = PBXBuildFile; fileRef = E7B7D04AEB3A584685873097 /* Theme.swift */; };
		A047E88E4473FEA16C6B437E /* PushPayload.swift in Sources */ = {isa = PBXBuildFile; fileRef = A1A059E228D363070DFB05BB /* PushPayload.swift */; };
		A913BA0E653F0DBAD93280AC /* TestSupport.swift in Sources */ = {isa = PBXBuildFile; fileRef = 744AE6DDB5ABBFD7B89901B0 /* TestSupport.swift */; };
		B0A1A021264C4E4F5C8C4EEE /* DecodingTests.swift in Sources */ = {isa = PBXBuildFile; fileRef = 083932E17F3BCA024B4EBFD6 /* DecodingTests.swift */; };
		B338BAD46AB5369FB2AE7CCE /* PushPromptView.swift in Sources */ = {isa = PBXBuildFile; fileRef = 69213C7511D9460826E73827 /* PushPromptView.swift */; };
		B6395729C0738589FC24BC19 /* PrivacyInfo.xcprivacy in Resources */ = {isa = PBXBuildFile; fileRef = E62F7C36416F5CCC95C04ED6 /* PrivacyInfo.xcprivacy */; };
		BF823CAF90098A4FBD5EF2A3 /* AttachmentViews.swift in Sources */ = {isa = PBXBuildFile; fileRef = 787E89B5DD3CCB47B23CF7B9 /* AttachmentViews.swift */; };
		C266980A6A153DE0496A274B /* Attachments.swift in Sources */ = {isa = PBXBuildFile; fileRef = E4E9802F016F0B0A5FD993D1 /* Attachments.swift */; };
		C267D7565F6DF8D77BE41AEC /* HomeView.swift in Sources */ = {isa = PBXBuildFile; fileRef = D5512C5E20A20FE9F456CC2F /* HomeView.swift */; };
		C371797998B5782A0C1FFF62 /* VoiceViews.swift in Sources */ = {isa = PBXBuildFile; fileRef = 78BB31C4BDBEEC56C23E7663 /* VoiceViews.swift */; };
		C3A87CF68B11008DBB11502D /* SharedText.swift in Sources */ = {isa = PBXBuildFile; fileRef = AD8AAAA7104EA6BD0C5C7B6D /* SharedText.swift */; };
		C445F6D6FD6CB0ACC18B4AFD /* Localizable.strings in Resources */ = {isa = PBXBuildFile; fileRef = 94F3BA09658690F94F865EB1 /* Localizable.strings */; };
		C618F3F520A9291D578E6F40 /* ModelsV2.swift in Sources */ = {isa = PBXBuildFile; fileRef = B27D458CCA260DEF9234EB80 /* ModelsV2.swift */; };
		C6E3F8CBA1099F05CBEC7F95 /* IntegrationTests.swift in Sources */ = {isa = PBXBuildFile; fileRef = 10AC2E537D2E9D5B93E325A9 /* IntegrationTests.swift */; };
		C8CC6B55D9373F2E5AA28FE3 /* TieComsNotifications.appex in Embed Foundation Extensions */ = {isa = PBXBuildFile; fileRef = 11A4F066A56E3BFF95264DB5 /* TieComsNotifications.appex */; settings = {ATTRIBUTES = (RemoveHeadersOnCopy, ); }; };
		CB15013A02FAEA01A6513D3D /* PhotoEditor.swift in Sources */ = {isa = PBXBuildFile; fileRef = 2E9619170C3B944C0E08D058 /* PhotoEditor.swift */; };
		CF04A65A1B47AA8D769E0941 /* tc_receive.caf in Resources */ = {isa = PBXBuildFile; fileRef = 9DAF2FF0FD1C609CF44FCC84 /* tc_receive.caf */; };
		D617012D196385E2A7505E73 /* Feedback.swift in Sources */ = {isa = PBXBuildFile; fileRef = 23FEF82583783355CABE69D6 /* Feedback.swift */; };
		DAC31F587C1983F670DB93CE /* V4Tests.swift in Sources */ = {isa = PBXBuildFile; fileRef = 4061A07914937650EBD662D4 /* V4Tests.swift */; };
		DF70F9600ECDAC4BFCB859F8 /* TieComsShare.appex in Embed Foundation Extensions */ = {isa = PBXBuildFile; fileRef = CE447E4433F5B5B0E12C5810 /* TieComsShare.appex */; settings = {ATTRIBUTES = (RemoveHeadersOnCopy, ); }; };
		E2A759486B2D5CA070FA2E21 /* V3FeedbackTests.swift in Sources */ = {isa = PBXBuildFile; fileRef = 7501CF5B9C5F60382A1D6C8F /* V3FeedbackTests.swift */; };
		E3FCB75AC48F989B91D78245 /* tc_send.caf in Resources */ = {isa = PBXBuildFile; fileRef = A3F81ABD77EB22BDB57C8850 /* tc_send.caf */; };
		E57DBC0E067E7BAD10EAB1A5 /* ModelsV2.swift in Sources */ = {isa = PBXBuildFile; fileRef = B27D458CCA260DEF9234EB80 /* ModelsV2.swift */; };
		E6B0D34AF575A80CDA81EBF7 /* DetailsSettingsInvite.swift in Sources */ = {isa = PBXBuildFile; fileRef = F718A99EA118584855D36A3B /* DetailsSettingsInvite.swift */; };
		E6D0CF9A07083AAB76A12A8A /* Assets.xcassets in Resources */ = {isa = PBXBuildFile; fileRef = 583E047F344413AFA12319CA /* Assets.xcassets */; };
		F0EB27FE06E76EE78C5A5313 /* IssuesViews.swift in Sources */ = {isa = PBXBuildFile; fileRef = 923D2E3C2F53E9B60B7EAF56 /* IssuesViews.swift */; };
		F22350FDCAF65606418DF454 /* ProfileFilesViews.swift in Sources */ = {isa = PBXBuildFile; fileRef = E6E05B9B11BCDD8884DC3611 /* ProfileFilesViews.swift */; };
		F44BF670B9865D29323F6593 /* InfoPlist.strings in Resources */ = {isa = PBXBuildFile; fileRef = 48624417014E35F069CBEC2F /* InfoPlist.strings */; };
		F8DD637AF1318E32FDAE44F8 /* ConversationView.swift in Sources */ = {isa = PBXBuildFile; fileRef = 4257657A4BDB09D0C0C1CDB2 /* ConversationView.swift */; };
		FF50839FD0654ACCA9235BCE /* ShareViewController.swift in Sources */ = {isa = PBXBuildFile; fileRef = 4BB1DA0E807FA769EC20724E /* ShareViewController.swift */; };
/* End PBXBuildFile section */

/* Begin PBXContainerItemProxy section */
		622D5BC9AC2CE5ABB08E740C /* PBXContainerItemProxy */ = {
			isa = PBXContainerItemProxy;
			containerPortal = 67D23E01D3EE86B7ED3C1C83 /* Project object */;
			proxyType = 1;
			remoteGlobalIDString = B5A6947E5E421A98DCBB71CC;
			remoteInfo = TieComs;
		};
		8F91E1F63E5A37FE8B0F209C /* PBXContainerItemProxy */ = {
			isa = PBXContainerItemProxy;
			containerPortal = 67D23E01D3EE86B7ED3C1C83 /* Project object */;
			proxyType = 1;
			remoteGlobalIDString = 0A8175BB507AE7DF8E90D5B4;
			remoteInfo = TieComsShare;
		};
		8FC0FF199CD6BF415211E6C6 /* PBXContainerItemProxy */ = {
			isa = PBXContainerItemProxy;
			containerPortal = 67D23E01D3EE86B7ED3C1C83 /* Project object */;
			proxyType = 1;
			remoteGlobalIDString = B5A6947E5E421A98DCBB71CC;
			remoteInfo = TieComs;
		};
		B3817E4F0B7777FEE2092414 /* PBXContainerItemProxy */ = {
			isa = PBXContainerItemProxy;
			containerPortal = 67D23E01D3EE86B7ED3C1C83 /* Project object */;
			proxyType = 1;
			remoteGlobalIDString = F4BDBAD90883838D0B37CE5C;
			remoteInfo = TieComsNotifications;
		};
/* End PBXContainerItemProxy section */

/* Begin PBXCopyFilesBuildPhase section */
		6020E372E9690E830A3CFBE1 /* Embed Foundation Extensions */ = {
			isa = PBXCopyFilesBuildPhase;
			buildActionMask = 2147483647;
			dstPath = "";
			dstSubfolderSpec = 13;
			files = (
				DF70F9600ECDAC4BFCB859F8 /* TieComsShare.appex in Embed Foundation Extensions */,
				C8CC6B55D9373F2E5AA28FE3 /* TieComsNotifications.appex in Embed Foundation Extensions */,
			);
			name = "Embed Foundation Extensions";
			runOnlyForDeploymentPostprocessing = 0;
		};
/* End PBXCopyFilesBuildPhase section */

/* Begin PBXFileReference section */
		00A0096904EBC6C5EB1BA1A1 /* AgendaViews.swift */ = {isa = PBXFileReference; lastKnownFileType = sourcecode.swift; path = AgendaViews.swift; sourceTree = "<group>"; };
		083932E17F3BCA024B4EBFD6 /* DecodingTests.swift */ = {isa = PBXFileReference; lastKnownFileType = sourcecode.swift; path = DecodingTests.swift; sourceTree = "<group>"; };
		0952105F81FFF3E626279A80 /* ShareUITests.swift */ = {isa = PBXFileReference; lastKnownFileType = sourcecode.swift; path = ShareUITests.swift; sourceTree = "<group>"; };
		10AC2E537D2E9D5B93E325A9 /* IntegrationTests.swift */ = {isa = PBXFileReference; lastKnownFileType = sourcecode.swift; path = IntegrationTests.swift; sourceTree = "<group>"; };
		11A4F066A56E3BFF95264DB5 /* TieComsNotifications.appex */ = {isa = PBXFileReference; includeInIndex = 0; lastKnownFileType = "wrapper.app-extension"; path = TieComsNotifications.appex; sourceTree = BUILT_PRODUCTS_DIR; };
		1F1FB42FA08DF6BC0C3115C7 /* CommunicationNotification.swift */ = {isa = PBXFileReference; lastKnownFileType = sourcecode.swift; path = CommunicationNotification.swift; sourceTree = "<group>"; };
		22A6408E25FEDBF97D17364D /* L10n.swift */ = {isa = PBXFileReference; lastKnownFileType = sourcecode.swift; path = L10n.swift; sourceTree = "<group>"; };
		23FEF82583783355CABE69D6 /* Feedback.swift */ = {isa = PBXFileReference; lastKnownFileType = sourcecode.swift; path = Feedback.swift; sourceTree = "<group>"; };
		2E948A0F8D7FB9B6478EEC20 /* TieComsTests.xctest */ = {isa = PBXFileReference; includeInIndex = 0; lastKnownFileType = wrapper.cfbundle; path = TieComsTests.xctest; sourceTree = BUILT_PRODUCTS_DIR; };
		2E9619170C3B944C0E08D058 /* PhotoEditor.swift */ = {isa = PBXFileReference; lastKnownFileType = sourcecode.swift; path = PhotoEditor.swift; sourceTree = "<group>"; };
		310CB4DC9C904F41CD395304 /* SocketIOClient.swift */ = {isa = PBXFileReference; lastKnownFileType = sourcecode.swift; path = SocketIOClient.swift; sourceTree = "<group>"; };
		341AE9974BB278BB3D3A1F18 /* tc_splash.caf */ = {isa = PBXFileReference; path = tc_splash.caf; sourceTree = "<group>"; };
		3792730DDF81227D7735C79E /* Splash.swift */ = {isa = PBXFileReference; lastKnownFileType = sourcecode.swift; path = Splash.swift; sourceTree = "<group>"; };
		38083679FBE06019FE270EA7 /* SafetyViews.swift */ = {isa = PBXFileReference; lastKnownFileType = sourcecode.swift; path = SafetyViews.swift; sourceTree = "<group>"; };
		38C26BEA687D356B4765DDC8 /* Naming.swift */ = {isa = PBXFileReference; lastKnownFileType = sourcecode.swift; path = Naming.swift; sourceTree = "<group>"; };
		3984F4BEE9569D66E54FB453 /* ChatsViews.swift */ = {isa = PBXFileReference; lastKnownFileType = sourcecode.swift; path = ChatsViews.swift; sourceTree = "<group>"; };
		3EF3EC7982D199C50C43C25A /* TieComsUITests.xctest */ = {isa = PBXFileReference; includeInIndex = 0; lastKnownFileType = wrapper.cfbundle; path = TieComsUITests.xctest; sourceTree = BUILT_PRODUCTS_DIR; };
		3F53D792BDF79B79D56A47AF /* es */ = {isa = PBXFileReference; lastKnownFileType = text.plist.strings; name = es; path = es.lproj/InfoPlist.strings; sourceTree = "<group>"; };
		40384C3AF1B15FBE71FBFA01 /* RootView.swift */ = {isa = PBXFileReference; lastKnownFileType = sourcecode.swift; path = RootView.swift; sourceTree = "<group>"; };
		4061A07914937650EBD662D4 /* V4Tests.swift */ = {isa = PBXFileReference; lastKnownFileType = sourcecode.swift; path = V4Tests.swift; sourceTree = "<group>"; };
		40DB379F56AC17E565D91F7F /* es */ = {isa = PBXFileReference; lastKnownFileType = text.plist.strings; name = es; path = es.lproj/Localizable.strings; sourceTree = "<group>"; };
		4212E6B71E371BC46001BD89 /* tc_notify.caf */ = {isa = PBXFileReference; path = tc_notify.caf; sourceTree = "<group>"; };
		4257657A4BDB09D0C0C1CDB2 /* ConversationView.swift */ = {isa = PBXFileReference; lastKnownFileType = sourcecode.swift; path = ConversationView.swift; sourceTree = "<group>"; };
		4BB1DA0E807FA769EC20724E /* ShareViewController.swift */ = {isa = PBXFileReference; lastKnownFileType = sourcecode.swift; path = ShareViewController.swift; sourceTree = "<group>"; };
		583E047F344413AFA12319CA /* Assets.xcassets */ = {isa = PBXFileReference; lastKnownFileType = folder.assetcatalog; path = Assets.xcassets; sourceTree = "<group>"; };
		58CF969C93A44DD76EE4EE0B /* SocketIOProtocolTests.swift */ = {isa = PBXFileReference; lastKnownFileType = sourcecode.swift; path = SocketIOProtocolTests.swift; sourceTree = "<group>"; };
		5CDA44DC6302797DC800B44D /* TieComsApp.swift */ = {isa = PBXFileReference; lastKnownFileType = sourcecode.swift; path = TieComsApp.swift; sourceTree = "<group>"; };
		69213C7511D9460826E73827 /* PushPromptView.swift */ = {isa = PBXFileReference; lastKnownFileType = sourcecode.swift; path = PushPromptView.swift; sourceTree = "<group>"; };
		693D6FE05E8BDE87A56C7102 /* en */ = {isa = PBXFileReference; lastKnownFileType = text.plist.strings; name = en; path = en.lproj/InfoPlist.strings; sourceTree = "<group>"; };
		6BBA4C886B6327B84516EA02 /* SafetyTests.swift */ = {isa = PBXFileReference; lastKnownFileType = sourcecode.swift; path = SafetyTests.swift; sourceTree = "<group>"; };
		6F521EF4D592789CF8E947FE /* AppStore+Features.swift */ = {isa = PBXFileReference; lastKnownFileType = sourcecode.swift; path = "AppStore+Features.swift"; sourceTree = "<group>"; };
		701807F5A1694A914A001927 /* ChatsProfileTests.swift */ = {isa = PBXFileReference; lastKnownFileType = sourcecode.swift; path = ChatsProfileTests.swift; sourceTree = "<group>"; };
		73CF6675D407AE69D506868E /* MoreViews.swift */ = {isa = PBXFileReference; lastKnownFileType = sourcecode.swift; path = MoreViews.swift; sourceTree = "<group>"; };
		744AE6DDB5ABBFD7B89901B0 /* TestSupport.swift */ = {isa = PBXFileReference; lastKnownFileType = sourcecode.swift; path = TestSupport.swift; sourceTree = "<group>"; };
		7501CF5B9C5F60382A1D6C8F /* V3FeedbackTests.swift */ = {isa = PBXFileReference; lastKnownFileType = sourcecode.swift; path = V3FeedbackTests.swift; sourceTree = "<group>"; };
		787E89B5DD3CCB47B23CF7B9 /* AttachmentViews.swift */ = {isa = PBXFileReference; lastKnownFileType = sourcecode.swift; path = AttachmentViews.swift; sourceTree = "<group>"; };
		78BB31C4BDBEEC56C23E7663 /* VoiceViews.swift */ = {isa = PBXFileReference; lastKnownFileType = sourcecode.swift; path = VoiceViews.swift; sourceTree = "<group>"; };
		79A9581A136556B589C7E824 /* SSOTests.swift */ = {isa = PBXFileReference; lastKnownFileType = sourcecode.swift; path = SSOTests.swift; sourceTree = "<group>"; };
		79F11C1668BB980DEBC703A6 /* IntegrationV3Tests.swift */ = {isa = PBXFileReference; lastKnownFileType = sourcecode.swift; path = IntegrationV3Tests.swift; sourceTree = "<group>"; };
		7B359F9C564097CEE34D2A05 /* SSO.swift */ = {isa = PBXFileReference; lastKnownFileType = sourcecode.swift; path = SSO.swift; sourceTree = "<group>"; };
		8352A75C9CCA7DA3612850D3 /* IntegrationV2Tests.swift */ = {isa = PBXFileReference; lastKnownFileType = sourcecode.swift; path = IntegrationV2Tests.swift; sourceTree = "<group>"; };
		8557FC33955580880236C06D /* DeepLink.swift */ = {isa = PBXFileReference; lastKnownFileType = sourcecode.swift; path = DeepLink.swift; sourceTree = "<group>"; };
		8660E1C19B2B2260C1BB5CC2 /* HierarchyViews.swift */ = {isa = PBXFileReference; lastKnownFileType = sourcecode.swift; path = HierarchyViews.swift; sourceTree = "<group>"; };
		8D00FFEF737CC563C49DFBB2 /* TieComsShare.entitlements */ = {isa = PBXFileReference; lastKnownFileType = text.plist.entitlements; path = TieComsShare.entitlements; sourceTree = "<group>"; };
		923D2E3C2F53E9B60B7EAF56 /* IssuesViews.swift */ = {isa = PBXFileReference; lastKnownFileType = sourcecode.swift; path = IssuesViews.swift; sourceTree = "<group>"; };
		9435F794DD29ECC6D280393D /* ChatFlowUITests.swift */ = {isa = PBXFileReference; lastKnownFileType = sourcecode.swift; path = ChatFlowUITests.swift; sourceTree = "<group>"; };
		959E3DC72E9AF90351D4A075 /* AuthViews.swift */ = {isa = PBXFileReference; lastKnownFileType = sourcecode.swift; path = AuthViews.swift; sourceTree = "<group>"; };
		9DAF2FF0FD1C609CF44FCC84 /* tc_receive.caf */ = {isa = PBXFileReference; path = tc_receive.caf; sourceTree = "<group>"; };
		9F816EA3E07F011F2A8F49A6 /* Donations.swift */ = {isa = PBXFileReference; lastKnownFileType = sourcecode.swift; path = Donations.swift; sourceTree = "<group>"; };
		9FBBF6EF55B008956531AAC9 /* AppStore.swift */ = {isa = PBXFileReference; lastKnownFileType = sourcecode.swift; path = AppStore.swift; sourceTree = "<group>"; };
		A16D843AE33D30C155EB369E /* FeedbackUITests.swift */ = {isa = PBXFileReference; lastKnownFileType = sourcecode.swift; path = FeedbackUITests.swift; sourceTree = "<group>"; };
		A19A9902A951D7919FF42F1D /* Sheets.swift */ = {isa = PBXFileReference; lastKnownFileType = sourcecode.swift; path = Sheets.swift; sourceTree = "<group>"; };
		A1A059E228D363070DFB05BB /* PushPayload.swift */ = {isa = PBXFileReference; lastKnownFileType = sourcecode.swift; path = PushPayload.swift; sourceTree = "<group>"; };
		A3F81ABD77EB22BDB57C8850 /* tc_send.caf */ = {isa = PBXFileReference; path = tc_send.caf; sourceTree = "<group>"; };
		AA7972D69011152D6EB29295 /* IntegrationV3FeedbackTests.swift */ = {isa = PBXFileReference; lastKnownFileType = sourcecode.swift; path = IntegrationV3FeedbackTests.swift; sourceTree = "<group>"; };
		AD8AAAA7104EA6BD0C5C7B6D /* SharedText.swift */ = {isa = PBXFileReference; lastKnownFileType = sourcecode.swift; path = SharedText.swift; sourceTree = "<group>"; };
		B27D458CCA260DEF9234EB80 /* ModelsV2.swift */ = {isa = PBXFileReference; lastKnownFileType = sourcecode.swift; path = ModelsV2.swift; sourceTree = "<group>"; };
		B2EF5FA7383307CC6AF4E8F7 /* Voice.swift */ = {isa = PBXFileReference; lastKnownFileType = sourcecode.swift; path = Voice.swift; sourceTree = "<group>"; };
		B3068A6F5B7DE8788B944476 /* Storage.swift */ = {isa = PBXFileReference; lastKnownFileType = sourcecode.swift; path = Storage.swift; sourceTree = "<group>"; };
		C0EE4F0835A244D173D5CE5E /* APIClient.swift */ = {isa = PBXFileReference; lastKnownFileType = sourcecode.swift; path = APIClient.swift; sourceTree = "<group>"; };
		C9588E3F5C22848C8993510F /* TieComs.app */ = {isa = PBXFileReference; includeInIndex = 0; lastKnownFileType = wrapper.application; path = TieComs.app; sourceTree = BUILT_PRODUCTS_DIR; };
		CCF75E43B44050980EEF21D7 /* en */ = {isa = PBXFileReference; lastKnownFileType = text.plist.strings; name = en; path = en.lproj/Localizable.strings; sourceTree = "<group>"; };
		CE17C6A486A573F49B237DA0 /* SideViews.swift */ = {isa = PBXFileReference; lastKnownFileType = sourcecode.swift; path = SideViews.swift; sourceTree = "<group>"; };
		CE447E4433F5B5B0E12C5810 /* TieComsShare.appex */ = {isa = PBXFileReference; includeInIndex = 0; lastKnownFileType = "wrapper.app-extension"; path = TieComsShare.appex; sourceTree = BUILT_PRODUCTS_DIR; };
		CEABA7548C1667E663D4C70E /* Models.swift */ = {isa = PBXFileReference; lastKnownFileType = sourcecode.swift; path = Models.swift; sourceTree = "<group>"; };
		CF6A5A1072D180B50ABD7291 /* SocketIOProtocol.swift */ = {isa = PBXFileReference; lastKnownFileType = sourcecode.swift; path = SocketIOProtocol.swift; sourceTree = "<group>"; };
		CF721E25FDD0841A9CA663EC /* V2Tests.swift */ = {isa = PBXFileReference; lastKnownFileType = sourcecode.swift; path = V2Tests.swift; sourceTree = "<group>"; };
		D41DC90D29645B2B6717211C /* TieComsNotifications.entitlements */ = {isa = PBXFileReference; lastKnownFileType = text.plist.entitlements; path = TieComsNotifications.entitlements; sourceTree = "<group>"; };
		D5512C5E20A20FE9F456CC2F /* HomeView.swift */ = {isa = PBXFileReference; lastKnownFileType = sourcecode.swift; path = HomeView.swift; sourceTree = "<group>"; };
		D5FDE484919C99579D339A66 /* PersonColor.swift */ = {isa = PBXFileReference; lastKnownFileType = sourcecode.swift; path = PersonColor.swift; sourceTree = "<group>"; };
		D9761D73C8074AD793EEE221 /* IntegrationV4Tests.swift */ = {isa = PBXFileReference; lastKnownFileType = sourcecode.swift; path = IntegrationV4Tests.swift; sourceTree = "<group>"; };
		DE7C763836C53E7EA9D3D6E3 /* NotificationService.swift */ = {isa = PBXFileReference; lastKnownFileType = sourcecode.swift; path = NotificationService.swift; sourceTree = "<group>"; };
		DFB29A1A5F72FAF013E3473A /* ShareItems.swift */ = {isa = PBXFileReference; lastKnownFileType = sourcecode.swift; path = ShareItems.swift; sourceTree = "<group>"; };
		E4842EF37BA97EFDD7E0A622 /* TieComs.entitlements */ = {isa = PBXFileReference; lastKnownFileType = text.plist.entitlements; path = TieComs.entitlements; sourceTree = "<group>"; };
		E4E9802F016F0B0A5FD993D1 /* Attachments.swift */ = {isa = PBXFileReference; lastKnownFileType = sourcecode.swift; path = Attachments.swift; sourceTree = "<group>"; };
		E62F7C36416F5CCC95C04ED6 /* PrivacyInfo.xcprivacy */ = {isa = PBXFileReference; path = PrivacyInfo.xcprivacy; sourceTree = "<group>"; };
		E6E05B9B11BCDD8884DC3611 /* ProfileFilesViews.swift */ = {isa = PBXFileReference; lastKnownFileType = sourcecode.swift; path = ProfileFilesViews.swift; sourceTree = "<group>"; };
		E7B7D04AEB3A584685873097 /* Theme.swift */ = {isa = PBXFileReference; lastKnownFileType = sourcecode.swift; path = Theme.swift; sourceTree = "<group>"; };
		EB118B40A5F8B04415623994 /* StoreSyncTests.swift */ = {isa = PBXFileReference; lastKnownFileType = sourcecode.swift; path = StoreSyncTests.swift; sourceTree = "<group>"; };
		EBB336317C73EE48E2442822 /* Menus.swift */ = {isa = PBXFileReference; lastKnownFileType = sourcecode.swift; path = Menus.swift; sourceTree = "<group>"; };
		F718A99EA118584855D36A3B /* DetailsSettingsInvite.swift */ = {isa = PBXFileReference; lastKnownFileType = sourcecode.swift; path = DetailsSettingsInvite.swift; sourceTree = "<group>"; };
/* End PBXFileReference section */

/* Begin PBXGroup section */
		118A408D65EB46BE1704F061 /* TieComsUITests */ = {
			isa = PBXGroup;
			children = (
				9435F794DD29ECC6D280393D /* ChatFlowUITests.swift */,
				A16D843AE33D30C155EB369E /* FeedbackUITests.swift */,
				0952105F81FFF3E626279A80 /* ShareUITests.swift */,
			);
			path = TieComsUITests;
			sourceTree = "<group>";
		};
		12A8C7878AEB1F064680F85C /* TieComs */ = {
			isa = PBXGroup;
			children = (
				69F3866A53B847E4C62D0056 /* App */,
				1A034EA337552117D38C1662 /* Core */,
				BD690B1BCE11133E21F33264 /* Resources */,
				A4ACA2A6CA7F27663579A400 /* UI */,
			);
			path = TieComs;
			sourceTree = "<group>";
		};
		1A034EA337552117D38C1662 /* Core */ = {
			isa = PBXGroup;
			children = (
				C0EE4F0835A244D173D5CE5E /* APIClient.swift */,
				9FBBF6EF55B008956531AAC9 /* AppStore.swift */,
				6F521EF4D592789CF8E947FE /* AppStore+Features.swift */,
				E4E9802F016F0B0A5FD993D1 /* Attachments.swift */,
				1F1FB42FA08DF6BC0C3115C7 /* CommunicationNotification.swift */,
				8557FC33955580880236C06D /* DeepLink.swift */,
				9F816EA3E07F011F2A8F49A6 /* Donations.swift */,
				23FEF82583783355CABE69D6 /* Feedback.swift */,
				22A6408E25FEDBF97D17364D /* L10n.swift */,
				CEABA7548C1667E663D4C70E /* Models.swift */,
				B27D458CCA260DEF9234EB80 /* ModelsV2.swift */,
				38C26BEA687D356B4765DDC8 /* Naming.swift */,
				D5FDE484919C99579D339A66 /* PersonColor.swift */,
				A1A059E228D363070DFB05BB /* PushPayload.swift */,
				AD8AAAA7104EA6BD0C5C7B6D /* SharedText.swift */,
				DFB29A1A5F72FAF013E3473A /* ShareItems.swift */,
				310CB4DC9C904F41CD395304 /* SocketIOClient.swift */,
				CF6A5A1072D180B50ABD7291 /* SocketIOProtocol.swift */,
				7B359F9C564097CEE34D2A05 /* SSO.swift */,
				B3068A6F5B7DE8788B944476 /* Storage.swift */,
				B2EF5FA7383307CC6AF4E8F7 /* Voice.swift */,
			);
			path = Core;
			sourceTree = "<group>";
		};
		54F0ADC4BA79F893C308869D /* Sounds */ = {
			isa = PBXGroup;
			children = (
				4212E6B71E371BC46001BD89 /* tc_notify.caf */,
				9DAF2FF0FD1C609CF44FCC84 /* tc_receive.caf */,
				A3F81ABD77EB22BDB57C8850 /* tc_send.caf */,
				341AE9974BB278BB3D3A1F18 /* tc_splash.caf */,
			);
			path = Sounds;
			sourceTree = "<group>";
		};
		69F3866A53B847E4C62D0056 /* App */ = {
			isa = PBXGroup;
			children = (
				5CDA44DC6302797DC800B44D /* TieComsApp.swift */,
			);
			path = App;
			sourceTree = "<group>";
		};
		A3638A330D6FD5BEE3CC01ED /* TieComsNotifications */ = {
			isa = PBXGroup;
			children = (
				DE7C763836C53E7EA9D3D6E3 /* NotificationService.swift */,
				D41DC90D29645B2B6717211C /* TieComsNotifications.entitlements */,
			);
			path = TieComsNotifications;
			sourceTree = "<group>";
		};
		A4ACA2A6CA7F27663579A400 /* UI */ = {
			isa = PBXGroup;
			children = (
				00A0096904EBC6C5EB1BA1A1 /* AgendaViews.swift */,
				787E89B5DD3CCB47B23CF7B9 /* AttachmentViews.swift */,
				959E3DC72E9AF90351D4A075 /* AuthViews.swift */,
				3984F4BEE9569D66E54FB453 /* ChatsViews.swift */,
				4257657A4BDB09D0C0C1CDB2 /* ConversationView.swift */,
				F718A99EA118584855D36A3B /* DetailsSettingsInvite.swift */,
				8660E1C19B2B2260C1BB5CC2 /* HierarchyViews.swift */,
				D5512C5E20A20FE9F456CC2F /* HomeView.swift */,
				923D2E3C2F53E9B60B7EAF56 /* IssuesViews.swift */,
				EBB336317C73EE48E2442822 /* Menus.swift */,
				73CF6675D407AE69D506868E /* MoreViews.swift */,
				2E9619170C3B944C0E08D058 /* PhotoEditor.swift */,
				E6E05B9B11BCDD8884DC3611 /* ProfileFilesViews.swift */,
				69213C7511D9460826E73827 /* PushPromptView.swift */,
				40384C3AF1B15FBE71FBFA01 /* RootView.swift */,
				38083679FBE06019FE270EA7 /* SafetyViews.swift */,
				A19A9902A951D7919FF42F1D /* Sheets.swift */,
				CE17C6A486A573F49B237DA0 /* SideViews.swift */,
				3792730DDF81227D7735C79E /* Splash.swift */,
				E7B7D04AEB3A584685873097 /* Theme.swift */,
				78BB31C4BDBEEC56C23E7663 /* VoiceViews.swift */,
			);
			path = UI;
			sourceTree = "<group>";
		};
		A9AE8CAF23D27B9701E36340 = {
			isa = PBXGroup;
			children = (
				12A8C7878AEB1F064680F85C /* TieComs */,
				A3638A330D6FD5BEE3CC01ED /* TieComsNotifications */,
				DBE64CDA905925FE15CA3986 /* TieComsShare */,
				E6E6FE6ED45C4B2C4FB1B1FC /* TieComsTests */,
				118A408D65EB46BE1704F061 /* TieComsUITests */,
				BEA94E96C93F5B4F54E2FB27 /* Products */,
			);
			sourceTree = "<group>";
		};
		BD690B1BCE11133E21F33264 /* Resources */ = {
			isa = PBXGroup;
			children = (
				583E047F344413AFA12319CA /* Assets.xcassets */,
				48624417014E35F069CBEC2F /* InfoPlist.strings */,
				94F3BA09658690F94F865EB1 /* Localizable.strings */,
				E62F7C36416F5CCC95C04ED6 /* PrivacyInfo.xcprivacy */,
				E4842EF37BA97EFDD7E0A622 /* TieComs.entitlements */,
				54F0ADC4BA79F893C308869D /* Sounds */,
			);
			path = Resources;
			sourceTree = "<group>";
		};
		BEA94E96C93F5B4F54E2FB27 /* Products */ = {
			isa = PBXGroup;
			children = (
				C9588E3F5C22848C8993510F /* TieComs.app */,
				11A4F066A56E3BFF95264DB5 /* TieComsNotifications.appex */,
				CE447E4433F5B5B0E12C5810 /* TieComsShare.appex */,
				2E948A0F8D7FB9B6478EEC20 /* TieComsTests.xctest */,
				3EF3EC7982D199C50C43C25A /* TieComsUITests.xctest */,
			);
			name = Products;
			sourceTree = "<group>";
		};
		DBE64CDA905925FE15CA3986 /* TieComsShare */ = {
			isa = PBXGroup;
			children = (
				4BB1DA0E807FA769EC20724E /* ShareViewController.swift */,
				8D00FFEF737CC563C49DFBB2 /* TieComsShare.entitlements */,
			);
			path = TieComsShare;
			sourceTree = "<group>";
		};
		E6E6FE6ED45C4B2C4FB1B1FC /* TieComsTests */ = {
			isa = PBXGroup;
			children = (
				701807F5A1694A914A001927 /* ChatsProfileTests.swift */,
				083932E17F3BCA024B4EBFD6 /* DecodingTests.swift */,
				10AC2E537D2E9D5B93E325A9 /* IntegrationTests.swift */,
				8352A75C9CCA7DA3612850D3 /* IntegrationV2Tests.swift */,
				AA7972D69011152D6EB29295 /* IntegrationV3FeedbackTests.swift */,
				79F11C1668BB980DEBC703A6 /* IntegrationV3Tests.swift */,
				D9761D73C8074AD793EEE221 /* IntegrationV4Tests.swift */,
				6BBA4C886B6327B84516EA02 /* SafetyTests.swift */,
				58CF969C93A44DD76EE4EE0B /* SocketIOProtocolTests.swift */,
				79A9581A136556B589C7E824 /* SSOTests.swift */,
				EB118B40A5F8B04415623994 /* StoreSyncTests.swift */,
				744AE6DDB5ABBFD7B89901B0 /* TestSupport.swift */,
				CF721E25FDD0841A9CA663EC /* V2Tests.swift */,
				7501CF5B9C5F60382A1D6C8F /* V3FeedbackTests.swift */,
				4061A07914937650EBD662D4 /* V4Tests.swift */,
			);
			path = TieComsTests;
			sourceTree = "<group>";
		};
/* End PBXGroup section */

/* Begin PBXNativeTarget section */
		0218F0C74468ED86260E08AA /* TieComsTests */ = {
			isa = PBXNativeTarget;
			buildConfigurationList = 6A7C7AA841F19993BB04228F /* Build configuration list for PBXNativeTarget "TieComsTests" */;
			buildPhases = (
				83383022128296F439AF47B4 /* Sources */,
			);
			buildRules = (
			);
			dependencies = (
				87BA2BA2B32AE0D00EB73708 /* PBXTargetDependency */,
			);
			name = TieComsTests;
			packageProductDependencies = (
			);
			productName = TieComsTests;
			productReference = 2E948A0F8D7FB9B6478EEC20 /* TieComsTests.xctest */;
			productType = "com.apple.product-type.bundle.unit-test";
		};
		0A8175BB507AE7DF8E90D5B4 /* TieComsShare */ = {
			isa = PBXNativeTarget;
			buildConfigurationList = 9AC62A7A2EE12827E74AC2A9 /* Build configuration list for PBXNativeTarget "TieComsShare" */;
			buildPhases = (
				66B72A57F3BB38754238BA2D /* Sources */,
				EFA9963EC9433046836CD483 /* Resources */,
			);
			buildRules = (
			);
			dependencies = (
			);
			name = TieComsShare;
			packageProductDependencies = (
			);
			productName = TieComsShare;
			productReference = CE447E4433F5B5B0E12C5810 /* TieComsShare.appex */;
			productType = "com.apple.product-type.app-extension";
		};
		786759538745CD34DEE75E72 /* TieComsUITests */ = {
			isa = PBXNativeTarget;
			buildConfigurationList = 7E7A8DA21A10769282053BA7 /* Build configuration list for PBXNativeTarget "TieComsUITests" */;
			buildPhases = (
				74E97E3C7704BFF5F4B38023 /* Sources */,
			);
			buildRules = (
			);
			dependencies = (
				1E1DFEE6DCB7A646D4EA25A9 /* PBXTargetDependency */,
			);
			name = TieComsUITests;
			packageProductDependencies = (
			);
			productName = TieComsUITests;
			productReference = 3EF3EC7982D199C50C43C25A /* TieComsUITests.xctest */;
			productType = "com.apple.product-type.bundle.ui-testing";
		};
		B5A6947E5E421A98DCBB71CC /* TieComs */ = {
			isa = PBXNativeTarget;
			buildConfigurationList = 877C04C5C3E8F147C37DD859 /* Build configuration list for PBXNativeTarget "TieComs" */;
			buildPhases = (
				43B70CB70467271001EFA66C /* Sources */,
				ED8CA87614DA13989919FB4D /* Resources */,
				6020E372E9690E830A3CFBE1 /* Embed Foundation Extensions */,
			);
			buildRules = (
			);
			dependencies = (
				F210A7966FDCD7862E71C216 /* PBXTargetDependency */,
				B6B8A7E1E07636818BD96859 /* PBXTargetDependency */,
			);
			name = TieComs;
			packageProductDependencies = (
			);
			productName = TieComs;
			productReference = C9588E3F5C22848C8993510F /* TieComs.app */;
			productType = "com.apple.product-type.application";
		};
		F4BDBAD90883838D0B37CE5C /* TieComsNotifications */ = {
			isa = PBXNativeTarget;
			buildConfigurationList = BD7765922D2C3F268B8DAB7D /* Build configuration list for PBXNativeTarget "TieComsNotifications" */;
			buildPhases = (
				C14D4CB9262D87688D421451 /* Sources */,
			);
			buildRules = (
			);
			dependencies = (
			);
			name = TieComsNotifications;
			packageProductDependencies = (
			);
			productName = TieComsNotifications;
			productReference = 11A4F066A56E3BFF95264DB5 /* TieComsNotifications.appex */;
			productType = "com.apple.product-type.app-extension";
		};
/* End PBXNativeTarget section */

/* Begin PBXProject section */
		67D23E01D3EE86B7ED3C1C83 /* Project object */ = {
			isa = PBXProject;
			attributes = {
				BuildIndependentTargetsInParallel = YES;
				LastUpgradeCheck = 1430;
				TargetAttributes = {
					0218F0C74468ED86260E08AA = {
						DevelopmentTeam = B76US7H3L3;
						ProvisioningStyle = Automatic;
					};
					0A8175BB507AE7DF8E90D5B4 = {
						DevelopmentTeam = B76US7H3L3;
						ProvisioningStyle = Automatic;
					};
					786759538745CD34DEE75E72 = {
						DevelopmentTeam = B76US7H3L3;
						ProvisioningStyle = Automatic;
						TestTargetID = B5A6947E5E421A98DCBB71CC;
					};
					B5A6947E5E421A98DCBB71CC = {
						DevelopmentTeam = B76US7H3L3;
						ProvisioningStyle = Automatic;
					};
					F4BDBAD90883838D0B37CE5C = {
						DevelopmentTeam = B76US7H3L3;
						ProvisioningStyle = Automatic;
					};
				};
			};
			buildConfigurationList = 5A6DCEEE916D51A25942FC09 /* Build configuration list for PBXProject "TieComs" */;
			compatibilityVersion = "Xcode 14.0";
			developmentRegion = en;
			hasScannedForEncodings = 0;
			knownRegions = (
				Base,
				en,
				es,
			);
			mainGroup = A9AE8CAF23D27B9701E36340;
			minimizedProjectReferenceProxies = 1;
			preferredProjectObjectVersion = 77;
			projectDirPath = "";
			projectRoot = "";
			targets = (
				B5A6947E5E421A98DCBB71CC /* TieComs */,
				F4BDBAD90883838D0B37CE5C /* TieComsNotifications */,
				0A8175BB507AE7DF8E90D5B4 /* TieComsShare */,
				0218F0C74468ED86260E08AA /* TieComsTests */,
				786759538745CD34DEE75E72 /* TieComsUITests */,
			);
		};
/* End PBXProject section */

/* Begin PBXResourcesBuildPhase section */
		ED8CA87614DA13989919FB4D /* Resources */ = {
			isa = PBXResourcesBuildPhase;
			buildActionMask = 2147483647;
			files = (
				E6D0CF9A07083AAB76A12A8A /* Assets.xcassets in Resources */,
				F44BF670B9865D29323F6593 /* InfoPlist.strings in Resources */,
				4235D2A78399FB04776AC024 /* Localizable.strings in Resources */,
				7449F903D57C1B5199447D89 /* PrivacyInfo.xcprivacy in Resources */,
				6768FE2C56CB7B3B9F237FEE /* tc_notify.caf in Resources */,
				CF04A65A1B47AA8D769E0941 /* tc_receive.caf in Resources */,
				E3FCB75AC48F989B91D78245 /* tc_send.caf in Resources */,
				7695CD28B533BC509D30A44E /* tc_splash.caf in Resources */,
			);
			runOnlyForDeploymentPostprocessing = 0;
		};
		EFA9963EC9433046836CD483 /* Resources */ = {
			isa = PBXResourcesBuildPhase;
			buildActionMask = 2147483647;
			files = (
				C445F6D6FD6CB0ACC18B4AFD /* Localizable.strings in Resources */,
				B6395729C0738589FC24BC19 /* PrivacyInfo.xcprivacy in Resources */,
			);
			runOnlyForDeploymentPostprocessing = 0;
		};
/* End PBXResourcesBuildPhase section */

/* Begin PBXSourcesBuildPhase section */
		43B70CB70467271001EFA66C /* Sources */ = {
			isa = PBXSourcesBuildPhase;
			buildActionMask = 2147483647;
			files = (
				557557E2D14658FCBBB20E0E /* APIClient.swift in Sources */,
				244A2B97C05B69418D6C313B /* AgendaViews.swift in Sources */,
				7D64F9F1796899E79F79CA25 /* AppStore+Features.swift in Sources */,
				5C5E810AB205F55137AC159E /* AppStore.swift in Sources */,
				BF823CAF90098A4FBD5EF2A3 /* AttachmentViews.swift in Sources */,
				252B7B0B0F9F47FF693A5FD0 /* Attachments.swift in Sources */,
				5C5A90EE8D7AFC7E28E68DF0 /* AuthViews.swift in Sources */,
				0FB9025BC5B98D0AB8FF9DA4 /* ChatsViews.swift in Sources */,
				73791647085699BC7871E730 /* CommunicationNotification.swift in Sources */,
				F8DD637AF1318E32FDAE44F8 /* ConversationView.swift in Sources */,
				03A22D1626ECFD539C675363 /* DeepLink.swift in Sources */,
				E6B0D34AF575A80CDA81EBF7 /* DetailsSettingsInvite.swift in Sources */,
				395C42AB3815C8D709205EEB /* Donations.swift in Sources */,
				D617012D196385E2A7505E73 /* Feedback.swift in Sources */,
				2C052710A26ACBF9CA2D6F62 /* HierarchyViews.swift in Sources */,
				C267D7565F6DF8D77BE41AEC /* HomeView.swift in Sources */,
				F0EB27FE06E76EE78C5A5313 /* IssuesViews.swift in Sources */,
				1395F25E40795DF8EAFACC33 /* L10n.swift in Sources */,
				3FFDC3BF8E2B6DF516EAEADF /* Menus.swift in Sources */,
				4FEFD3F104B5B20D25F7EBDB /* Models.swift in Sources */,
				E57DBC0E067E7BAD10EAB1A5 /* ModelsV2.swift in Sources */,
				156D13620D4172B7A660319F /* MoreViews.swift in Sources */,
				46B7BBCD1ABD2B119DBC9044 /* Naming.swift in Sources */,
				38FEE993B071D9258A6BDD5C /* PersonColor.swift in Sources */,
				CB15013A02FAEA01A6513D3D /* PhotoEditor.swift in Sources */,
				F22350FDCAF65606418DF454 /* ProfileFilesViews.swift in Sources */,
				A047E88E4473FEA16C6B437E /* PushPayload.swift in Sources */,
				B338BAD46AB5369FB2AE7CCE /* PushPromptView.swift in Sources */,
				1F41DF7AD84A179000EC01A5 /* RootView.swift in Sources */,
				20D1A10E2B92D7322DBF5B14 /* SSO.swift in Sources */,
				14A77CAC57CD8DBB415ADB70 /* SafetyViews.swift in Sources */,
				46B2FEB8B2EDC92A44C57169 /* ShareItems.swift in Sources */,
				C3A87CF68B11008DBB11502D /* SharedText.swift in Sources */,
				8AC2E905821FD283821301E8 /* Sheets.swift in Sources */,
				5AED9D1DCDE2FE6CDD891FD5 /* SideViews.swift in Sources */,
				4570A01F25E3C5B753F0763A /* SocketIOClient.swift in Sources */,
				6D2D27D981A66B9EE10C8F80 /* SocketIOProtocol.swift in Sources */,
				787E7E59AC77EAC8C71369E1 /* Splash.swift in Sources */,
				3398EFD5E838BD6D49484EC1 /* Storage.swift in Sources */,
				91C244FFC2747DB60736CE3C /* Theme.swift in Sources */,
				4861AC62C42CF71D8AEF1453 /* TieComsApp.swift in Sources */,
				9101C70508E75A68FE571B6E /* Voice.swift in Sources */,
				C371797998B5782A0C1FFF62 /* VoiceViews.swift in Sources */,
			);
			runOnlyForDeploymentPostprocessing = 0;
		};
		66B72A57F3BB38754238BA2D /* Sources */ = {
			isa = PBXSourcesBuildPhase;
			buildActionMask = 2147483647;
			files = (
				4E2E49A1EBCDEC5A426728AA /* APIClient.swift in Sources */,
				C266980A6A153DE0496A274B /* Attachments.swift in Sources */,
				72863AF6EEA9BC2AA55D6C65 /* L10n.swift in Sources */,
				0F5BC7F5FF2D3BE382DEFCA9 /* Models.swift in Sources */,
				C618F3F520A9291D578E6F40 /* ModelsV2.swift in Sources */,
				51C448F1465ABD2CC5559D7C /* Naming.swift in Sources */,
				85F90D3318E794A2161A180B /* ShareItems.swift in Sources */,
				FF50839FD0654ACCA9235BCE /* ShareViewController.swift in Sources */,
				3F8172550A64ECA0C549BB92 /* SharedText.swift in Sources */,
				2F9BEEE1A93572D3DC4F9C45 /* SocketIOProtocol.swift in Sources */,
				52C15EAD225474BC7E6CFFAD /* Storage.swift in Sources */,
			);
			runOnlyForDeploymentPostprocessing = 0;
		};
		74E97E3C7704BFF5F4B38023 /* Sources */ = {
			isa = PBXSourcesBuildPhase;
			buildActionMask = 2147483647;
			files = (
				8A1233EC493B295510B8946F /* ChatFlowUITests.swift in Sources */,
				40E1ED0AC0107DD7EF91B4D8 /* FeedbackUITests.swift in Sources */,
				16CDD74C6B7E738BE578E52D /* ShareUITests.swift in Sources */,
			);
			runOnlyForDeploymentPostprocessing = 0;
		};
		83383022128296F439AF47B4 /* Sources */ = {
			isa = PBXSourcesBuildPhase;
			buildActionMask = 2147483647;
			files = (
				2ACFB2451080E499FAA6C162 /* ChatsProfileTests.swift in Sources */,
				B0A1A021264C4E4F5C8C4EEE /* DecodingTests.swift in Sources */,
				C6E3F8CBA1099F05CBEC7F95 /* IntegrationTests.swift in Sources */,
				5E3407CBD9D372C2E43D5C86 /* IntegrationV2Tests.swift in Sources */,
				53BB942CEB7656F911EC27F1 /* IntegrationV3FeedbackTests.swift in Sources */,
				364D144461099A53D0778965 /* IntegrationV3Tests.swift in Sources */,
				2D6C298E45855A3A5510F347 /* IntegrationV4Tests.swift in Sources */,
				59508C7C91EA2B02ACAD615B /* SSOTests.swift in Sources */,
				76C5C689B36884A3C54C59B3 /* SafetyTests.swift in Sources */,
				304A7ED6BCE177CE9A54BD8D /* SocketIOProtocolTests.swift in Sources */,
				31DD07B095571C91D0FB232C /* StoreSyncTests.swift in Sources */,
				A913BA0E653F0DBAD93280AC /* TestSupport.swift in Sources */,
				7CAF1C4ADC5EEB29A1DC74FD /* V2Tests.swift in Sources */,
				E2A759486B2D5CA070FA2E21 /* V3FeedbackTests.swift in Sources */,
				DAC31F587C1983F670DB93CE /* V4Tests.swift in Sources */,
			);
			runOnlyForDeploymentPostprocessing = 0;
		};
		C14D4CB9262D87688D421451 /* Sources */ = {
			isa = PBXSourcesBuildPhase;
			buildActionMask = 2147483647;
			files = (
				7DB3F2DFD15EE86041C65551 /* CommunicationNotification.swift in Sources */,
				55AAE5239A69F3D0477EA89B /* NotificationService.swift in Sources */,
				74517461003750B1AEA9B05F /* PushPayload.swift in Sources */,
			);
			runOnlyForDeploymentPostprocessing = 0;
		};
/* End PBXSourcesBuildPhase section */

/* Begin PBXTargetDependency section */
		1E1DFEE6DCB7A646D4EA25A9 /* PBXTargetDependency */ = {
			isa = PBXTargetDependency;
			target = B5A6947E5E421A98DCBB71CC /* TieComs */;
			targetProxy = 622D5BC9AC2CE5ABB08E740C /* PBXContainerItemProxy */;
		};
		87BA2BA2B32AE0D00EB73708 /* PBXTargetDependency */ = {
			isa = PBXTargetDependency;
			target = B5A6947E5E421A98DCBB71CC /* TieComs */;
			targetProxy = 8FC0FF199CD6BF415211E6C6 /* PBXContainerItemProxy */;
		};
		B6B8A7E1E07636818BD96859 /* PBXTargetDependency */ = {
			isa = PBXTargetDependency;
			target = F4BDBAD90883838D0B37CE5C /* TieComsNotifications */;
			targetProxy = B3817E4F0B7777FEE2092414 /* PBXContainerItemProxy */;
		};
		F210A7966FDCD7862E71C216 /* PBXTargetDependency */ = {
			isa = PBXTargetDependency;
			target = 0A8175BB507AE7DF8E90D5B4 /* TieComsShare */;
			targetProxy = 8F91E1F63E5A37FE8B0F209C /* PBXContainerItemProxy */;
		};
/* End PBXTargetDependency section */

/* Begin PBXVariantGroup section */
		48624417014E35F069CBEC2F /* InfoPlist.strings */ = {
			isa = PBXVariantGroup;
			children = (
				693D6FE05E8BDE87A56C7102 /* en */,
				3F53D792BDF79B79D56A47AF /* es */,
			);
			name = InfoPlist.strings;
			sourceTree = "<group>";
		};
		94F3BA09658690F94F865EB1 /* Localizable.strings */ = {
			isa = PBXVariantGroup;
			children = (
				CCF75E43B44050980EEF21D7 /* en */,
				40DB379F56AC17E565D91F7F /* es */,
			);
			name = Localizable.strings;
			sourceTree = "<group>";
		};
/* End PBXVariantGroup section */

/* Begin XCBuildConfiguration section */
		183935C02973946F6F2A5DA3 /* Release */ = {
			isa = XCBuildConfiguration;
			buildSettings = {
				APPLICATION_EXTENSION_API_ONLY = YES;
				CODE_SIGN_ENTITLEMENTS = TieComsShare/TieComsShare.entitlements;
				INFOPLIST_FILE = TieComsShare/Info.plist;
				LD_RUNPATH_SEARCH_PATHS = (
					"$(inherited)",
					"@executable_path/Frameworks",
					"@executable_path/../../Frameworks",
				);
				PRODUCT_BUNDLE_IDENTIFIER = com.tiecoms.app.share;
				PRODUCT_NAME = TieComsShare;
				SDKROOT = iphoneos;
				SWIFT_ACTIVE_COMPILATION_CONDITIONS = "$(inherited) SHARE_EXTENSION";
				TARGETED_DEVICE_FAMILY = "1,2";
			};
			name = Release;
		};
		2DAB2AE0F2480173E5947B74 /* Debug */ = {
			isa = XCBuildConfiguration;
			buildSettings = {
				APPLICATION_EXTENSION_API_ONLY = YES;
				CODE_SIGN_ENTITLEMENTS = TieComsShare/TieComsShare.entitlements;
				INFOPLIST_FILE = TieComsShare/Info.plist;
				LD_RUNPATH_SEARCH_PATHS = (
					"$(inherited)",
					"@executable_path/Frameworks",
					"@executable_path/../../Frameworks",
				);
				PRODUCT_BUNDLE_IDENTIFIER = com.tiecoms.app.share;
				PRODUCT_NAME = TieComsShare;
				SDKROOT = iphoneos;
				SWIFT_ACTIVE_COMPILATION_CONDITIONS = "$(inherited) SHARE_EXTENSION";
				TARGETED_DEVICE_FAMILY = "1,2";
			};
			name = Debug;
		};
		304C05EEF5013508BA9DD79F /* Debug */ = {
			isa = XCBuildConfiguration;
			buildSettings = {
				APPLICATION_EXTENSION_API_ONLY = YES;
				CODE_SIGN_ENTITLEMENTS = TieComsNotifications/TieComsNotifications.entitlements;
				INFOPLIST_FILE = TieComsNotifications/Info.plist;
				LD_RUNPATH_SEARCH_PATHS = (
					"$(inherited)",
					"@executable_path/Frameworks",
					"@executable_path/../../Frameworks",
				);
				PRODUCT_BUNDLE_IDENTIFIER = com.tiecoms.app.notifications;
				PRODUCT_NAME = TieComsNotifications;
				SDKROOT = iphoneos;
				TARGETED_DEVICE_FAMILY = "1,2";
			};
			name = Debug;
		};
		46C59D18C4A0E9B1C51E3DC3 /* Release */ = {
			isa = XCBuildConfiguration;
			buildSettings = {
				BUNDLE_LOADER = "$(TEST_HOST)";
				GENERATE_INFOPLIST_FILE = YES;
				LD_RUNPATH_SEARCH_PATHS = (
					"$(inherited)",
					"@executable_path/Frameworks",
					"@loader_path/Frameworks",
				);
				PRODUCT_BUNDLE_IDENTIFIER = com.tiecoms.app.uitests;
				SDKROOT = iphoneos;
				TARGETED_DEVICE_FAMILY = "1,2";
				TEST_TARGET_NAME = TieComs;
			};
			name = Release;
		};
		6F06DFB8438E8CA5435048E5 /* Debug */ = {
			isa = XCBuildConfiguration;
			buildSettings = {
				BUNDLE_LOADER = "$(TEST_HOST)";
				GENERATE_INFOPLIST_FILE = YES;
				LD_RUNPATH_SEARCH_PATHS = (
					"$(inherited)",
					"@executable_path/Frameworks",
					"@loader_path/Frameworks",
				);
				PRODUCT_BUNDLE_IDENTIFIER = com.tiecoms.app.uitests;
				SDKROOT = iphoneos;
				TARGETED_DEVICE_FAMILY = "1,2";
				TEST_TARGET_NAME = TieComs;
			};
			name = Debug;
		};
		9597F4C00FA5D42E18A0E9FF /* Release */ = {
			isa = XCBuildConfiguration;
			buildSettings = {
				APPLICATION_EXTENSION_API_ONLY = YES;
				CODE_SIGN_ENTITLEMENTS = TieComsNotifications/TieComsNotifications.entitlements;
				INFOPLIST_FILE = TieComsNotifications/Info.plist;
				LD_RUNPATH_SEARCH_PATHS = (
					"$(inherited)",
					"@executable_path/Frameworks",
					"@executable_path/../../Frameworks",
				);
				PRODUCT_BUNDLE_IDENTIFIER = com.tiecoms.app.notifications;
				PRODUCT_NAME = TieComsNotifications;
				SDKROOT = iphoneos;
				TARGETED_DEVICE_FAMILY = "1,2";
			};
			name = Release;
		};
		A4EC4C59C975B977015CE61C /* Release */ = {
			isa = XCBuildConfiguration;
			buildSettings = {
				BUNDLE_LOADER = "$(TEST_HOST)";
				GENERATE_INFOPLIST_FILE = YES;
				LD_RUNPATH_SEARCH_PATHS = (
					"$(inherited)",
					"@executable_path/Frameworks",
					"@loader_path/Frameworks",
				);
				PRODUCT_BUNDLE_IDENTIFIER = com.tiecoms.app.tests;
				SDKROOT = iphoneos;
				TARGETED_DEVICE_FAMILY = "1,2";
				TEST_HOST = "$(BUILT_PRODUCTS_DIR)/TieComs.app/$(BUNDLE_EXECUTABLE_FOLDER_PATH)/TieComs";
			};
			name = Release;
		};
		A8E1AFFC99234BE4FAABBE61 /* Debug */ = {
			isa = XCBuildConfiguration;
			buildSettings = {
				ALWAYS_SEARCH_USER_PATHS = NO;
				CLANG_ANALYZER_NONNULL = YES;
				CLANG_ANALYZER_NUMBER_OBJECT_CONVERSION = YES_AGGRESSIVE;
				CLANG_CXX_LANGUAGE_STANDARD = "gnu++14";
				CLANG_CXX_LIBRARY = "libc++";
				CLANG_ENABLE_MODULES = YES;
				CLANG_ENABLE_OBJC_ARC = YES;
				CLANG_ENABLE_OBJC_WEAK = YES;
				CLANG_WARN_BLOCK_CAPTURE_AUTORELEASING = YES;
				CLANG_WARN_BOOL_CONVERSION = YES;
				CLANG_WARN_COMMA = YES;
				CLANG_WARN_CONSTANT_CONVERSION = YES;
				CLANG_WARN_DEPRECATED_OBJC_IMPLEMENTATIONS = YES;
				CLANG_WARN_DIRECT_OBJC_ISA_USAGE = YES_ERROR;
				CLANG_WARN_DOCUMENTATION_COMMENTS = YES;
				CLANG_WARN_EMPTY_BODY = YES;
				CLANG_WARN_ENUM_CONVERSION = YES;
				CLANG_WARN_INFINITE_RECURSION = YES;
				CLANG_WARN_INT_CONVERSION = YES;
				CLANG_WARN_NON_LITERAL_NULL_CONVERSION = YES;
				CLANG_WARN_OBJC_IMPLICIT_RETAIN_SELF = YES;
				CLANG_WARN_OBJC_LITERAL_CONVERSION = YES;
				CLANG_WARN_OBJC_ROOT_CLASS = YES_ERROR;
				CLANG_WARN_QUOTED_INCLUDE_IN_FRAMEWORK_HEADER = YES;
				CLANG_WARN_RANGE_LOOP_ANALYSIS = YES;
				CLANG_WARN_STRICT_PROTOTYPES = YES;
				CLANG_WARN_SUSPICIOUS_MOVE = YES;
				CLANG_WARN_UNGUARDED_AVAILABILITY = YES_AGGRESSIVE;
				CLANG_WARN_UNREACHABLE_CODE = YES;
				CLANG_WARN__DUPLICATE_METHOD_MATCH = YES;
				CODE_SIGN_STYLE = Automatic;
				COPY_PHASE_STRIP = NO;
				CURRENT_PROJECT_VERSION = 6;
				DEBUG_INFORMATION_FORMAT = dwarf;
				DEVELOPMENT_TEAM = B76US7H3L3;
				ENABLE_STRICT_OBJC_MSGSEND = YES;
				ENABLE_TESTABILITY = YES;
				ENABLE_USER_SCRIPT_SANDBOXING = YES;
				GCC_C_LANGUAGE_STANDARD = gnu11;
				GCC_DYNAMIC_NO_PIC = NO;
				GCC_NO_COMMON_BLOCKS = YES;
				GCC_OPTIMIZATION_LEVEL = 0;
				GCC_PREPROCESSOR_DEFINITIONS = (
					"$(inherited)",
					"DEBUG=1",
				);
				GCC_WARN_64_TO_32_BIT_CONVERSION = YES;
				GCC_WARN_ABOUT_RETURN_TYPE = YES_ERROR;
				GCC_WARN_UNDECLARED_SELECTOR = YES;
				GCC_WARN_UNINITIALIZED_AUTOS = YES_AGGRESSIVE;
				GCC_WARN_UNUSED_FUNCTION = YES;
				GCC_WARN_UNUSED_VARIABLE = YES;
				IPHONEOS_DEPLOYMENT_TARGET = 17.0;
				LOCALIZATION_PREFERS_STRING_CATALOGS = NO;
				MARKETING_VERSION = 1.1.0;
				MTL_ENABLE_DEBUG_INFO = INCLUDE_SOURCE;
				MTL_FAST_MATH = YES;
				ONLY_ACTIVE_ARCH = YES;
				PRODUCT_NAME = "$(TARGET_NAME)";
				SDKROOT = iphoneos;
				SWIFT_ACTIVE_COMPILATION_CONDITIONS = DEBUG;
				SWIFT_OPTIMIZATION_LEVEL = "-Onone";
				SWIFT_VERSION = 5.0;
			};
			name = Debug;
		};
		B302A1309864848706AF329B /* Debug */ = {
			isa = XCBuildConfiguration;
			buildSettings = {
				BUNDLE_LOADER = "$(TEST_HOST)";
				GENERATE_INFOPLIST_FILE = YES;
				LD_RUNPATH_SEARCH_PATHS = (
					"$(inherited)",
					"@executable_path/Frameworks",
					"@loader_path/Frameworks",
				);
				PRODUCT_BUNDLE_IDENTIFIER = com.tiecoms.app.tests;
				SDKROOT = iphoneos;
				TARGETED_DEVICE_FAMILY = "1,2";
				TEST_HOST = "$(BUILT_PRODUCTS_DIR)/TieComs.app/$(BUNDLE_EXECUTABLE_FOLDER_PATH)/TieComs";
			};
			name = Debug;
		};
		CF0D21FDBDF565EA1225EC27 /* Release */ = {
			isa = XCBuildConfiguration;
			buildSettings = {
				ASSETCATALOG_COMPILER_APPICON_NAME = AppIcon;
				CODE_SIGN_ENTITLEMENTS = TieComs/Resources/TieComs.entitlements;
				CODE_SIGN_IDENTITY = "iPhone Developer";
				ENABLE_PREVIEWS = YES;
				INFOPLIST_FILE = TieComs/Resources/Info.plist;
				LD_RUNPATH_SEARCH_PATHS = (
					"$(inherited)",
					"@executable_path/Frameworks",
				);
				PRODUCT_BUNDLE_IDENTIFIER = com.tiecoms.app;
				PRODUCT_NAME = TieComs;
				SDKROOT = iphoneos;
				SUPPORTS_MACCATALYST = NO;
				SUPPORTS_MAC_DESIGNED_FOR_IPHONE_IPAD = NO;
				SWIFT_EMIT_LOC_STRINGS = NO;
				TARGETED_DEVICE_FAMILY = "1,2";
			};
			name = Release;
		};
		DEAD34376A81DF9D8E705093 /* Release */ = {
			isa = XCBuildConfiguration;
			buildSettings = {
				ALWAYS_SEARCH_USER_PATHS = NO;
				CLANG_ANALYZER_NONNULL = YES;
				CLANG_ANALYZER_NUMBER_OBJECT_CONVERSION = YES_AGGRESSIVE;
				CLANG_CXX_LANGUAGE_STANDARD = "gnu++14";
				CLANG_CXX_LIBRARY = "libc++";
				CLANG_ENABLE_MODULES = YES;
				CLANG_ENABLE_OBJC_ARC = YES;
				CLANG_ENABLE_OBJC_WEAK = YES;
				CLANG_WARN_BLOCK_CAPTURE_AUTORELEASING = YES;
				CLANG_WARN_BOOL_CONVERSION = YES;
				CLANG_WARN_COMMA = YES;
				CLANG_WARN_CONSTANT_CONVERSION = YES;
				CLANG_WARN_DEPRECATED_OBJC_IMPLEMENTATIONS = YES;
				CLANG_WARN_DIRECT_OBJC_ISA_USAGE = YES_ERROR;
				CLANG_WARN_DOCUMENTATION_COMMENTS = YES;
				CLANG_WARN_EMPTY_BODY = YES;
				CLANG_WARN_ENUM_CONVERSION = YES;
				CLANG_WARN_INFINITE_RECURSION = YES;
				CLANG_WARN_INT_CONVERSION = YES;
				CLANG_WARN_NON_LITERAL_NULL_CONVERSION = YES;
				CLANG_WARN_OBJC_IMPLICIT_RETAIN_SELF = YES;
				CLANG_WARN_OBJC_LITERAL_CONVERSION = YES;
				CLANG_WARN_OBJC_ROOT_CLASS = YES_ERROR;
				CLANG_WARN_QUOTED_INCLUDE_IN_FRAMEWORK_HEADER = YES;
				CLANG_WARN_RANGE_LOOP_ANALYSIS = YES;
				CLANG_WARN_STRICT_PROTOTYPES = YES;
				CLANG_WARN_SUSPICIOUS_MOVE = YES;
				CLANG_WARN_UNGUARDED_AVAILABILITY = YES_AGGRESSIVE;
				CLANG_WARN_UNREACHABLE_CODE = YES;
				CLANG_WARN__DUPLICATE_METHOD_MATCH = YES;
				CODE_SIGN_STYLE = Automatic;
				COPY_PHASE_STRIP = NO;
				CURRENT_PROJECT_VERSION = 6;
				DEBUG_INFORMATION_FORMAT = "dwarf-with-dsym";
				DEVELOPMENT_TEAM = B76US7H3L3;
				ENABLE_NS_ASSERTIONS = NO;
				ENABLE_STRICT_OBJC_MSGSEND = YES;
				ENABLE_USER_SCRIPT_SANDBOXING = YES;
				GCC_C_LANGUAGE_STANDARD = gnu11;
				GCC_NO_COMMON_BLOCKS = YES;
				GCC_WARN_64_TO_32_BIT_CONVERSION = YES;
				GCC_WARN_ABOUT_RETURN_TYPE = YES_ERROR;
				GCC_WARN_UNDECLARED_SELECTOR = YES;
				GCC_WARN_UNINITIALIZED_AUTOS = YES_AGGRESSIVE;
				GCC_WARN_UNUSED_FUNCTION = YES;
				GCC_WARN_UNUSED_VARIABLE = YES;
				IPHONEOS_DEPLOYMENT_TARGET = 17.0;
				LOCALIZATION_PREFERS_STRING_CATALOGS = NO;
				MARKETING_VERSION = 1.1.0;
				MTL_ENABLE_DEBUG_INFO = NO;
				MTL_FAST_MATH = YES;
				PRODUCT_NAME = "$(TARGET_NAME)";
				SDKROOT = iphoneos;
				SWIFT_COMPILATION_MODE = wholemodule;
				SWIFT_OPTIMIZATION_LEVEL = "-O";
				SWIFT_VERSION = 5.0;
			};
			name = Release;
		};
		EAE5AC8D79DBF1CB73FB7A61 /* Debug */ = {
			isa = XCBuildConfiguration;
			buildSettings = {
				ASSETCATALOG_COMPILER_APPICON_NAME = AppIcon;
				CODE_SIGN_ENTITLEMENTS = TieComs/Resources/TieComs.entitlements;
				CODE_SIGN_IDENTITY = "iPhone Developer";
				ENABLE_PREVIEWS = YES;
				INFOPLIST_FILE = TieComs/Resources/Info.plist;
				LD_RUNPATH_SEARCH_PATHS = (
					"$(inherited)",
					"@executable_path/Frameworks",
				);
				PRODUCT_BUNDLE_IDENTIFIER = com.tiecoms.app;
				PRODUCT_NAME = TieComs;
				SDKROOT = iphoneos;
				SUPPORTS_MACCATALYST = NO;
				SUPPORTS_MAC_DESIGNED_FOR_IPHONE_IPAD = NO;
				SWIFT_EMIT_LOC_STRINGS = NO;
				TARGETED_DEVICE_FAMILY = "1,2";
			};
			name = Debug;
		};
/* End XCBuildConfiguration section */

/* Begin XCConfigurationList section */
		5A6DCEEE916D51A25942FC09 /* Build configuration list for PBXProject "TieComs" */ = {
			isa = XCConfigurationList;
			buildConfigurations = (
				A8E1AFFC99234BE4FAABBE61 /* Debug */,
				DEAD34376A81DF9D8E705093 /* Release */,
			);
			defaultConfigurationIsVisible = 0;
			defaultConfigurationName = Debug;
		};
		6A7C7AA841F19993BB04228F /* Build configuration list for PBXNativeTarget "TieComsTests" */ = {
			isa = XCConfigurationList;
			buildConfigurations = (
				B302A1309864848706AF329B /* Debug */,
				A4EC4C59C975B977015CE61C /* Release */,
			);
			defaultConfigurationIsVisible = 0;
			defaultConfigurationName = Debug;
		};
		7E7A8DA21A10769282053BA7 /* Build configuration list for PBXNativeTarget "TieComsUITests" */ = {
			isa = XCConfigurationList;
			buildConfigurations = (
				6F06DFB8438E8CA5435048E5 /* Debug */,
				46C59D18C4A0E9B1C51E3DC3 /* Release */,
			);
			defaultConfigurationIsVisible = 0;
			defaultConfigurationName = Debug;
		};
		877C04C5C3E8F147C37DD859 /* Build configuration list for PBXNativeTarget "TieComs" */ = {
			isa = XCConfigurationList;
			buildConfigurations = (
				EAE5AC8D79DBF1CB73FB7A61 /* Debug */,
				CF0D21FDBDF565EA1225EC27 /* Release */,
			);
			defaultConfigurationIsVisible = 0;
			defaultConfigurationName = Debug;
		};
		9AC62A7A2EE12827E74AC2A9 /* Build configuration list for PBXNativeTarget "TieComsShare" */ = {
			isa = XCConfigurationList;
			buildConfigurations = (
				2DAB2AE0F2480173E5947B74 /* Debug */,
				183935C02973946F6F2A5DA3 /* Release */,
			);
			defaultConfigurationIsVisible = 0;
			defaultConfigurationName = Debug;
		};
		BD7765922D2C3F268B8DAB7D /* Build configuration list for PBXNativeTarget "TieComsNotifications" */ = {
			isa = XCConfigurationList;
			buildConfigurations = (
				304C05EEF5013508BA9DD79F /* Debug */,
				9597F4C00FA5D42E18A0E9FF /* Release */,
			);
			defaultConfigurationIsVisible = 0;
			defaultConfigurationName = Debug;
		};
/* End XCConfigurationList section */
	};
	rootObject = 67D23E01D3EE86B7ED3C1C83 /* Project object */;
}
